{
  "originHash" : "e626906764c54807327946957dd534e5879286ba36b43a24c725681c37f5f212",
  "pins" : [
    {
      "identity" : "quantem.gpu",
      "kind" : "remoteSourceControl",
      "location" : "https://github.com/bobleesj/quantem.gpu.git",
      "state" : {
        "branch" : "main",
        "revision" : "005457c20a61e854dc38b660fd5ff0e8623fa189"
      }
    }
  ],
  "version" : 3
}
