{
  "originHash" : "e626906764c54807327946957dd534e5879286ba36b43a24c725681c37f5f212",
  "pins" : [
    {
      "identity" : "quantem.gpu",
      "kind" : "remoteSourceControl",
      "location" : "https://github.com/bobleesj/quantem.gpu.git",
      "state" : {
        "branch" : "main",
        "revision" : "6c171565569f2b9b4bd5987e50789a53ddc6b520"
      }
    }
  ],
  "version" : 3
}
